{
  "name": "scs-generator-project",
  "lockfileVersion": 2,
  "requires": true,
  "packages": {
    "": {
      "dependencies": {
        "@toriyama/osmql": "^0.1.1",
        "jshint": "^2.13.4",
        "lodash": "^4.17.21"
      }
    },
    "node_modules/@toriyama/osmql": {
      "version": "0.1.1",
      "resolved": "https://registry.npmjs.org/@toriyama/osmql/-/osmql-0.1.1.tgz",
      "integrity": "sha512-qyg0ZeiOawkN6VheeHjA8Y+uYB3yVguNJ2eZoAMdL0Ge6T9neFMH7kydjIZxo5Og3Xi/GwyLc24Rt0kIM4X/Lg==",
      "dependencies": {
        "axios": "^0.24.0",
        "osmtogeojson": "^1.4.0"
      }
    },
    "node_modules/axios": {
      "version": "0.24.0",
      "resolved": "https://registry.npmjs.org/axios/-/axios-0.24.0.tgz",
      "integrity": "sha512-Q6cWsys88HoPgAaFAVUb0WpPk0O8iTeisR9IMqy9G8AbO4NlpVknrnQS03zzF9PGAWgO3cgletO3VjV/P7VztA==",
      "dependencies": {
        "follow-redirects": "^1.14.4"
      }
    },
    "node_modules/balanced-match": {
      "version": "1.0.2",
      "resolved": "https://registry.npmjs.org/balanced-match/-/balanced-match-1.0.2.tgz",
      "integrity": "sha512-3oSeUO0TMV67hN1AmbXsK4yaqU7tjiHlbxRDZOpH0KW9+CeX4bRAaX0Anxt0tx2MrpRpWwQaPwIlISEJhYU5Pw=="
    },
    "node_modules/base64-js": {
      "version": "0.0.2",
      "resolved": "https://registry.npmjs.org/base64-js/-/base64-js-0.0.2.tgz",
      "integrity": "sha1-Ak8Pcq+iW3X5wO5zzU9V7Bvtl4Q=",
      "engines": {
        "node": ">= 0.4"
      }
    },
    "node_modules/bops": {
      "version": "0.0.6",
      "resolved": "https://registry.npmjs.org/bops/-/bops-0.0.6.tgz",
      "integrity": "sha1-CC0dVfoB5g29wuvC26N/ZZVUzzo=",
      "dependencies": {
        "base64-js": "0.0.2",
        "to-utf8": "0.0.1"
      }
    },
    "node_modules/brace-expansion": {
      "version": "1.1.11",
      "resolved": "https://registry.npmjs.org/brace-expansion/-/brace-expansion-1.1.11.tgz",
      "integrity": "sha512-iCuPHDFgrHX7H2vEI/5xpz07zSHB00TpugqhmYtVmMO6518mCuRMoOYFldEBl0g187ufozdaHgWKcYFb61qGiA==",
      "dependencies": {
        "balanced-match": "^1.0.0",
        "concat-map": "0.0.1"
      }
    },
    "node_modules/cli": {
      "version": "1.0.1",
      "resolved": "https://registry.npmjs.org/cli/-/cli-1.0.1.tgz",
      "integrity": "sha1-IoF1NPJL+klQw01TLUjsvGIbjBQ=",
      "dependencies": {
        "exit": "0.1.2",
        "glob": "^7.1.1"
      },
      "engines": {
        "node": ">=0.2.5"
      }
    },
    "node_modules/concat-map": {
      "version": "0.0.1",
      "resolved": "https://registry.npmjs.org/concat-map/-/concat-map-0.0.1.tgz",
      "integrity": "sha1-2Klr13/Wjfd5OnMDajug1UBdR3s="
    },
    "node_modules/concat-stream": {
      "version": "1.0.1",
      "resolved": "https://registry.npmjs.org/concat-stream/-/concat-stream-1.0.1.tgz",
      "integrity": "sha1-AYsYvBx9BzotyCqkhEI0GixN158=",
      "engines": [
        "node >= 0.8.0"
      ],
      "dependencies": {
        "bops": "0.0.6"
      }
    },
    "node_modules/console-browserify": {
      "version": "1.1.0",
      "resolved": "https://registry.npmjs.org/console-browserify/-/console-browserify-1.1.0.tgz",
      "integrity": "sha1-8CQcRXMKn8YyOyBtvzjtx0HQuxA=",
      "dependencies": {
        "date-now": "^0.1.4"
      }
    },
    "node_modules/core-util-is": {
      "version": "1.0.3",
      "resolved": "https://registry.npmjs.org/core-util-is/-/core-util-is-1.0.3.tgz",
      "integrity": "sha512-ZQBvi1DcpJ4GDqanjucZ2Hj3wEO5pZDS89BWbkcrvdxksJorwUDDZamX9ldFkp9aw2lmBDLgkObEA4DWNJ9FYQ=="
    },
    "node_modules/date-now": {
      "version": "0.1.4",
      "resolved": "https://registry.npmjs.org/date-now/-/date-now-0.1.4.tgz",
      "integrity": "sha1-6vQ5/U1ISK105cx9vvIAZyueNFs="
    },
    "node_modules/dom-serializer": {
      "version": "0.2.2",
      "resolved": "https://registry.npmjs.org/dom-serializer/-/dom-serializer-0.2.2.tgz",
      "integrity": "sha512-2/xPb3ORsQ42nHYiSunXkDjPLBaEj/xTwUO4B7XCZQTRk7EBtTOPaygh10YAAh2OI1Qrp6NWfpAhzswj0ydt9g==",
      "dependencies": {
        "domelementtype": "^2.0.1",
        "entities": "^2.0.0"
      }
    },
    "node_modules/dom-serializer/node_modules/domelementtype": {
      "version": "2.2.0",
      "resolved": "https://registry.npmjs.org/domelementtype/-/domelementtype-2.2.0.tgz",
      "integrity": "sha512-DtBMo82pv1dFtUmHyr48beiuq792Sxohr+8Hm9zoxklYPfa6n0Z3Byjj2IV7bmr2IyqClnqEQhfgHJJ5QF0R5A==",
      "funding": [
        {
          "type": "github",
          "url": "https://github.com/sponsors/fb55"
        }
      ]
    },
    "node_modules/dom-serializer/node_modules/entities": {
      "version": "2.2.0",
      "resolved": "https://registry.npmjs.org/entities/-/entities-2.2.0.tgz",
      "integrity": "sha512-p92if5Nz619I0w+akJrLZH0MX0Pb5DX39XOwQTtXSdQQOaYH03S1uIQp4mhOZtAXrxq4ViO67YTiLBo2638o9A==",
      "funding": {
        "url": "https://github.com/fb55/entities?sponsor=1"
      }
    },
    "node_modules/domelementtype": {
      "version": "1.3.1",
      "resolved": "https://registry.npmjs.org/domelementtype/-/domelementtype-1.3.1.tgz",
      "integrity": "sha512-BSKB+TSpMpFI/HOxCNr1O8aMOTZ8hT3pM3GQ0w/mWRmkhEDSFJkkyzz4XQsBV44BChwGkrDfMyjVD0eA2aFV3w=="
    },
    "node_modules/domhandler": {
      "version": "2.3.0",
      "resolved": "https://registry.npmjs.org/domhandler/-/domhandler-2.3.0.tgz",
      "integrity": "sha1-LeWaCCLVAn+r/28DLCsloqir5zg=",
      "dependencies": {
        "domelementtype": "1"
      }
    },
    "node_modules/domutils": {
      "version": "1.5.1",
      "resolved": "https://registry.npmjs.org/domutils/-/domutils-1.5.1.tgz",
      "integrity": "sha1-3NhIiib1Y9YQeeSMn3t+Mjc2gs8=",
      "dependencies": {
        "dom-serializer": "0",
        "domelementtype": "1"
      }
    },
    "node_modules/entities": {
      "version": "1.0.0",
      "resolved": "https://registry.npmjs.org/entities/-/entities-1.0.0.tgz",
      "integrity": "sha1-sph6o4ITR/zeZCsk/fyeT7cSvyY="
    },
    "node_modules/exit": {
      "version": "0.1.2",
      "resolved": "https://registry.npmjs.org/exit/-/exit-0.1.2.tgz",
      "integrity": "sha1-BjJjj42HfMghB9MKD/8aF8uhzQw=",
      "engines": {
        "node": ">= 0.8.0"
      }
    },
    "node_modules/follow-redirects": {
      "version": "1.14.7",
      "resolved": "https://registry.npmjs.org/follow-redirects/-/follow-redirects-1.14.7.tgz",
      "integrity": "sha512-+hbxoLbFMbRKDwohX8GkTataGqO6Jb7jGwpAlwgy2bIz25XtRm7KEzJM76R1WiNT5SwZkX4Y75SwBolkpmE7iQ==",
      "funding": [
        {
          "type": "individual",
          "url": "https://github.com/sponsors/RubenVerborgh"
        }
      ],
      "engines": {
        "node": ">=4.0"
      },
      "peerDependenciesMeta": {
        "debug": {
          "optional": true
        }
      }
    },
    "node_modules/fs.realpath": {
      "version": "1.0.0",
      "resolved": "https://registry.npmjs.org/fs.realpath/-/fs.realpath-1.0.0.tgz",
      "integrity": "sha1-FQStJSMVjKpA20onh8sBQRmU6k8="
    },
    "node_modules/glob": {
      "version": "7.2.0",
      "resolved": "https://registry.npmjs.org/glob/-/glob-7.2.0.tgz",
      "integrity": "sha512-lmLf6gtyrPq8tTjSmrO94wBeQbFR3HbLHbuyD69wuyQkImp2hWqMGB47OX65FBkPffO641IP9jWa1z4ivqG26Q==",
      "dependencies": {
        "fs.realpath": "^1.0.0",
        "inflight": "^1.0.4",
        "inherits": "2",
        "minimatch": "^3.0.4",
        "once": "^1.3.0",
        "path-is-absolute": "^1.0.0"
      },
      "engines": {
        "node": "*"
      },
      "funding": {
        "url": "https://github.com/sponsors/isaacs"
      }
    },
    "node_modules/htmlparser2": {
      "version": "3.8.3",
      "resolved": "https://registry.npmjs.org/htmlparser2/-/htmlparser2-3.8.3.tgz",
      "integrity": "sha1-mWwosZFRaovoZQGn15dX5ccMEGg=",
      "dependencies": {
        "domelementtype": "1",
        "domhandler": "2.3",
        "domutils": "1.5",
        "entities": "1.0",
        "readable-stream": "1.1"
      }
    },
    "node_modules/inflight": {
      "version": "1.0.6",
      "resolved": "https://registry.npmjs.org/inflight/-/inflight-1.0.6.tgz",
      "integrity": "sha1-Sb1jMdfQLQwJvJEKEHW6gWW1bfk=",
      "dependencies": {
        "once": "^1.3.0",
        "wrappy": "1"
      }
    },
    "node_modules/inherits": {
      "version": "2.0.4",
      "resolved": "https://registry.npmjs.org/inherits/-/inherits-2.0.4.tgz",
      "integrity": "sha512-k/vGaX4/Yla3WzyMCvTQOXYeIHvqOKtnqBduzTHpzpQZzAskKMhZ2K+EnBiSM9zGSoIFeMpXKxa4dYeZIQqewQ=="
    },
    "node_modules/isarray": {
      "version": "0.0.1",
      "resolved": "https://registry.npmjs.org/isarray/-/isarray-0.0.1.tgz",
      "integrity": "sha1-ihis/Kmo9Bd+Cav8YDiTmwXR7t8="
    },
    "node_modules/jshint": {
      "version": "2.13.4",
      "resolved": "https://registry.npmjs.org/jshint/-/jshint-2.13.4.tgz",
      "integrity": "sha512-HO3bosL84b2qWqI0q+kpT/OpRJwo0R4ivgmxaO848+bo10rc50SkPnrtwSFXttW0ym4np8jbJvLwk5NziB7jIw==",
      "dependencies": {
        "cli": "~1.0.0",
        "console-browserify": "1.1.x",
        "exit": "0.1.x",
        "htmlparser2": "3.8.x",
        "lodash": "~4.17.21",
        "minimatch": "~3.0.2",
        "strip-json-comments": "1.0.x"
      },
      "bin": {
        "jshint": "bin/jshint"
      }
    },
    "node_modules/lodash": {
      "version": "4.17.21",
      "resolved": "https://registry.npmjs.org/lodash/-/lodash-4.17.21.tgz",
      "integrity": "sha512-v2kDEe57lecTulaDIuNTPy3Ry4gLGJ6Z1O3vE1krgXZNrsQ+LFTGHVxVjcXPs17LhbZVGedAJv8XZ1tvj5FvSg=="
    },
    "node_modules/minimatch": {
      "version": "3.0.5",
      "resolved": "https://registry.npmjs.org/minimatch/-/minimatch-3.0.5.tgz",
      "integrity": "sha512-tUpxzX0VAzJHjLu0xUfFv1gwVp9ba3IOuRAVH2EGuRW8a5emA2FlACLqiT/lDVtS1W+TGNwqz3sWaNyLgDJWuw==",
      "dependencies": {
        "brace-expansion": "^1.1.7"
      },
      "engines": {
        "node": "*"
      }
    },
    "node_modules/once": {
      "version": "1.4.0",
      "resolved": "https://registry.npmjs.org/once/-/once-1.4.0.tgz",
      "integrity": "sha1-WDsap3WWHUsROsF9nFC6753Xa9E=",
      "dependencies": {
        "wrappy": "1"
      }
    },
    "node_modules/optimist": {
      "version": "0.3.7",
      "resolved": "https://registry.npmjs.org/optimist/-/optimist-0.3.7.tgz",
      "integrity": "sha1-yQlBrVnkJzMokjB00s8ufLxuwNk=",
      "dependencies": {
        "wordwrap": "~0.0.2"
      }
    },
    "node_modules/osmtogeojson": {
      "version": "1.4.0",
      "resolved": "https://registry.npmjs.org/osmtogeojson/-/osmtogeojson-1.4.0.tgz",
      "integrity": "sha1-7cFrFDswPAi4PH5JoFgZvaG6cis=",
      "dependencies": {
        "concat-stream": "~1.0.1",
        "htmlparser2": "~3.0.5",
        "lodash": "~2.2.0",
        "optimist": "~0.3.5",
        "xmldom": "~0.1.16"
      },
      "bin": {
        "osmtogeojson": "osmtogeojson"
      },
      "engines": {
        "node": ">=0.5"
      }
    },
    "node_modules/osmtogeojson/node_modules/domhandler": {
      "version": "2.0.3",
      "resolved": "https://registry.npmjs.org/domhandler/-/domhandler-2.0.3.tgz",
      "integrity": "sha1-iJ+N9iZAOvB4jinWbV1cb36/D9Y=",
      "dependencies": {
        "domelementtype": "1"
      }
    },
    "node_modules/osmtogeojson/node_modules/domutils": {
      "version": "1.1.6",
      "resolved": "https://registry.npmjs.org/domutils/-/domutils-1.1.6.tgz",
      "integrity": "sha1-vdw94Jm5ou+sxRxiPyj0FuzFdIU=",
      "dependencies": {
        "domelementtype": "1"
      }
    },
    "node_modules/osmtogeojson/node_modules/htmlparser2": {
      "version": "3.0.5",
      "resolved": "https://registry.npmjs.org/htmlparser2/-/htmlparser2-3.0.5.tgz",
      "integrity": "sha1-fzBgjLeAnzX/fG3YDinCR6p9r18=",
      "dependencies": {
        "domelementtype": "1",
        "domhandler": "2.0",
        "domutils": "1.1",
        "readable-stream": "1.0"
      }
    },
    "node_modules/osmtogeojson/node_modules/lodash": {
      "version": "2.2.1",
      "resolved": "https://registry.npmjs.org/lodash/-/lodash-2.2.1.tgz",
      "integrity": "sha1-ypNf0UqzwMhyq6zxmLnNpQFECGc=",
      "engines": [
        "node",
        "rhino"
      ]
    },
    "node_modules/osmtogeojson/node_modules/readable-stream": {
      "version": "1.0.34",
      "resolved": "https://registry.npmjs.org/readable-stream/-/readable-stream-1.0.34.tgz",
      "integrity": "sha1-Elgg40vIQtLyqq+v5MKRbuMsFXw=",
      "dependencies": {
        "core-util-is": "~1.0.0",
        "inherits": "~2.0.1",
        "isarray": "0.0.1",
        "string_decoder": "~0.10.x"
      }
    },
    "node_modules/path-is-absolute": {
      "version": "1.0.1",
      "resolved": "https://registry.npmjs.org/path-is-absolute/-/path-is-absolute-1.0.1.tgz",
      "integrity": "sha1-F0uSaHNVNP+8es5r9TpanhtcX18=",
      "engines": {
        "node": ">=0.10.0"
      }
    },
    "node_modules/readable-stream": {
      "version": "1.1.14",
      "resolved": "https://registry.npmjs.org/readable-stream/-/readable-stream-1.1.14.tgz",
      "integrity": "sha1-fPTFTvZI44EwhMY23SB54WbAgdk=",
      "dependencies": {
        "core-util-is": "~1.0.0",
        "inherits": "~2.0.1",
        "isarray": "0.0.1",
        "string_decoder": "~0.10.x"
      }
    },
    "node_modules/string_decoder": {
      "version": "0.10.31",
      "resolved": "https://registry.npmjs.org/string_decoder/-/string_decoder-0.10.31.tgz",
      "integrity": "sha1-YuIDvEF2bGwoyfyEMB2rHFMQ+pQ="
    },
    "node_modules/strip-json-comments": {
      "version": "1.0.4",
      "resolved": "https://registry.npmjs.org/strip-json-comments/-/strip-json-comments-1.0.4.tgz",
      "integrity": "sha1-HhX7ysl9Pumb8tc7TGVrCCu6+5E=",
      "bin": {
        "strip-json-comments": "cli.js"
      },
      "engines": {
        "node": ">=0.8.0"
      }
    },
    "node_modules/to-utf8": {
      "version": "0.0.1",
      "resolved": "https://registry.npmjs.org/to-utf8/-/to-utf8-0.0.1.tgz",
      "integrity": "sha1-0Xrqcv8vujm55DYBvns/9y4ImFI="
    },
    "node_modules/wordwrap": {
      "version": "0.0.3",
      "resolved": "https://registry.npmjs.org/wordwrap/-/wordwrap-0.0.3.tgz",
      "integrity": "sha1-o9XabNXAvAAI03I0u68b7WMFkQc=",
      "engines": {
        "node": ">=0.4.0"
      }
    },
    "node_modules/wrappy": {
      "version": "1.0.2",
      "resolved": "https://registry.npmjs.org/wrappy/-/wrappy-1.0.2.tgz",
      "integrity": "sha1-tSQ9jz7BqjXxNkYFvA0QNuMKtp8="
    },
    "node_modules/xmldom": {
      "version": "0.1.31",
      "resolved": "https://registry.npmjs.org/xmldom/-/xmldom-0.1.31.tgz",
      "integrity": "sha512-yS2uJflVQs6n+CyjHoaBmVSqIDevTAWrzMmjG1Gc7h1qQ7uVozNhEPJAwZXWyGQ/Gafo3fCwrcaokezLPupVyQ==",
      "deprecated": "Deprecated due to CVE-2021-21366 resolved in 0.5.0",
      "engines": {
        "node": ">=0.1"
      }
    }
  },
  "dependencies": {
    "@toriyama/osmql": {
      "version": "0.1.1",
      "resolved": "https://registry.npmjs.org/@toriyama/osmql/-/osmql-0.1.1.tgz",
      "integrity": "sha512-qyg0ZeiOawkN6VheeHjA8Y+uYB3yVguNJ2eZoAMdL0Ge6T9neFMH7kydjIZxo5Og3Xi/GwyLc24Rt0kIM4X/Lg==",
      "requires": {
        "axios": "^0.24.0",
        "osmtogeojson": "^1.4.0"
      }
    },
    "axios": {
      "version": "0.24.0",
      "resolved": "https://registry.npmjs.org/axios/-/axios-0.24.0.tgz",
      "integrity": "sha512-Q6cWsys88HoPgAaFAVUb0WpPk0O8iTeisR9IMqy9G8AbO4NlpVknrnQS03zzF9PGAWgO3cgletO3VjV/P7VztA==",
      "requires": {
        "follow-redirects": "^1.14.4"
      }
    },
    "balanced-match": {
      "version": "1.0.2",
      "resolved": "https://registry.npmjs.org/balanced-match/-/balanced-match-1.0.2.tgz",
      "integrity": "sha512-3oSeUO0TMV67hN1AmbXsK4yaqU7tjiHlbxRDZOpH0KW9+CeX4bRAaX0Anxt0tx2MrpRpWwQaPwIlISEJhYU5Pw=="
    },
    "base64-js": {
      "version": "0.0.2",
      "resolved": "https://registry.npmjs.org/base64-js/-/base64-js-0.0.2.tgz",
      "integrity": "sha1-Ak8Pcq+iW3X5wO5zzU9V7Bvtl4Q="
    },
    "bops": {
      "version": "0.0.6",
      "resolved": "https://registry.npmjs.org/bops/-/bops-0.0.6.tgz",
      "integrity": "sha1-CC0dVfoB5g29wuvC26N/ZZVUzzo=",
      "requires": {
        "base64-js": "0.0.2",
        "to-utf8": "0.0.1"
      }
    },
    "brace-expansion": {
      "version": "1.1.11",
      "resolved": "https://registry.npmjs.org/brace-expansion/-/brace-expansion-1.1.11.tgz",
      "integrity": "sha512-iCuPHDFgrHX7H2vEI/5xpz07zSHB00TpugqhmYtVmMO6518mCuRMoOYFldEBl0g187ufozdaHgWKcYFb61qGiA==",
      "requires": {
        "balanced-match": "^1.0.0",
        "concat-map": "0.0.1"
      }
    },
    "cli": {
      "version": "1.0.1",
      "resolved": "https://registry.npmjs.org/cli/-/cli-1.0.1.tgz",
      "integrity": "sha1-IoF1NPJL+klQw01TLUjsvGIbjBQ=",
      "requires": {
        "exit": "0.1.2",
        "glob": "^7.1.1"
      }
    },
    "concat-map": {
      "version": "0.0.1",
      "resolved": "https://registry.npmjs.org/concat-map/-/concat-map-0.0.1.tgz",
      "integrity": "sha1-2Klr13/Wjfd5OnMDajug1UBdR3s="
    },
    "concat-stream": {
      "version": "1.0.1",
      "resolved": "https://registry.npmjs.org/concat-stream/-/concat-stream-1.0.1.tgz",
      "integrity": "sha1-AYsYvBx9BzotyCqkhEI0GixN158=",
      "requires": {
        "bops": "0.0.6"
      }
    },
    "console-browserify": {
      "version": "1.1.0",
      "resolved": "https://registry.npmjs.org/console-browserify/-/console-browserify-1.1.0.tgz",
      "integrity": "sha1-8CQcRXMKn8YyOyBtvzjtx0HQuxA=",
      "requires": {
        "date-now": "^0.1.4"
      }
    },
    "core-util-is": {
      "version": "1.0.3",
      "resolved": "https://registry.npmjs.org/core-util-is/-/core-util-is-1.0.3.tgz",
      "integrity": "sha512-ZQBvi1DcpJ4GDqanjucZ2Hj3wEO5pZDS89BWbkcrvdxksJorwUDDZamX9ldFkp9aw2lmBDLgkObEA4DWNJ9FYQ=="
    },
    "date-now": {
      "version": "0.1.4",
      "resolved": "https://registry.npmjs.org/date-now/-/date-now-0.1.4.tgz",
      "integrity": "sha1-6vQ5/U1ISK105cx9vvIAZyueNFs="
    },
    "dom-serializer": {
      "version": "0.2.2",
      "resolved": "https://registry.npmjs.org/dom-serializer/-/dom-serializer-0.2.2.tgz",
      "integrity": "sha512-2/xPb3ORsQ42nHYiSunXkDjPLBaEj/xTwUO4B7XCZQTRk7EBtTOPaygh10YAAh2OI1Qrp6NWfpAhzswj0ydt9g==",
      "requires": {
        "domelementtype": "^2.0.1",
        "entities": "^2.0.0"
      },
      "dependencies": {
        "domelementtype": {
          "version": "2.2.0",
          "resolved": "https://registry.npmjs.org/domelementtype/-/domelementtype-2.2.0.tgz",
          "integrity": "sha512-DtBMo82pv1dFtUmHyr48beiuq792Sxohr+8Hm9zoxklYPfa6n0Z3Byjj2IV7bmr2IyqClnqEQhfgHJJ5QF0R5A=="
        },
        "entities": {
          "version": "2.2.0",
          "resolved": "https://registry.npmjs.org/entities/-/entities-2.2.0.tgz",
          "integrity": "sha512-p92if5Nz619I0w+akJrLZH0MX0Pb5DX39XOwQTtXSdQQOaYH03S1uIQp4mhOZtAXrxq4ViO67YTiLBo2638o9A=="
        }
      }
    },
    "domelementtype": {
      "version": "1.3.1",
      "resolved": "https://registry.npmjs.org/domelementtype/-/domelementtype-1.3.1.tgz",
      "integrity": "sha512-BSKB+TSpMpFI/HOxCNr1O8aMOTZ8hT3pM3GQ0w/mWRmkhEDSFJkkyzz4XQsBV44BChwGkrDfMyjVD0eA2aFV3w=="
    },
    "domhandler": {
      "version": "2.3.0",
      "resolved": "https://registry.npmjs.org/domhandler/-/domhandler-2.3.0.tgz",
      "integrity": "sha1-LeWaCCLVAn+r/28DLCsloqir5zg=",
      "requires": {
        "domelementtype": "1"
      }
    },
    "domutils": {
      "version": "1.5.1",
      "resolved": "https://registry.npmjs.org/domutils/-/domutils-1.5.1.tgz",
      "integrity": "sha1-3NhIiib1Y9YQeeSMn3t+Mjc2gs8=",
      "requires": {
        "dom-serializer": "0",
        "domelementtype": "1"
      }
    },
    "entities": {
      "version": "1.0.0",
      "resolved": "https://registry.npmjs.org/entities/-/entities-1.0.0.tgz",
      "integrity": "sha1-sph6o4ITR/zeZCsk/fyeT7cSvyY="
    },
    "exit": {
      "version": "0.1.2",
      "resolved": "https://registry.npmjs.org/exit/-/exit-0.1.2.tgz",
      "integrity": "sha1-BjJjj42HfMghB9MKD/8aF8uhzQw="
    },
    "follow-redirects": {
      "version": "1.14.7",
      "resolved": "https://registry.npmjs.org/follow-redirects/-/follow-redirects-1.14.7.tgz",
      "integrity": "sha512-+hbxoLbFMbRKDwohX8GkTataGqO6Jb7jGwpAlwgy2bIz25XtRm7KEzJM76R1WiNT5SwZkX4Y75SwBolkpmE7iQ=="
    },
    "fs.realpath": {
      "version": "1.0.0",
      "resolved": "https://registry.npmjs.org/fs.realpath/-/fs.realpath-1.0.0.tgz",
      "integrity": "sha1-FQStJSMVjKpA20onh8sBQRmU6k8="
    },
    "glob": {
      "version": "7.2.0",
      "resolved": "https://registry.npmjs.org/glob/-/glob-7.2.0.tgz",
      "integrity": "sha512-lmLf6gtyrPq8tTjSmrO94wBeQbFR3HbLHbuyD69wuyQkImp2hWqMGB47OX65FBkPffO641IP9jWa1z4ivqG26Q==",
      "requires": {
        "fs.realpath": "^1.0.0",
        "inflight": "^1.0.4",
        "inherits": "2",
        "minimatch": "^3.0.4",
        "once": "^1.3.0",
        "path-is-absolute": "^1.0.0"
      }
    },
    "htmlparser2": {
      "version": "3.8.3",
      "resolved": "https://registry.npmjs.org/htmlparser2/-/htmlparser2-3.8.3.tgz",
      "integrity": "sha1-mWwosZFRaovoZQGn15dX5ccMEGg=",
      "requires": {
        "domelementtype": "1",
        "domhandler": "2.3",
        "domutils": "1.5",
        "entities": "1.0",
        "readable-stream": "1.1"
      }
    },
    "inflight": {
      "version": "1.0.6",
      "resolved": "https://registry.npmjs.org/inflight/-/inflight-1.0.6.tgz",
      "integrity": "sha1-Sb1jMdfQLQwJvJEKEHW6gWW1bfk=",
      "requires": {
        "once": "^1.3.0",
        "wrappy": "1"
      }
    },
    "inherits": {
      "version": "2.0.4",
      "resolved": "https://registry.npmjs.org/inherits/-/inherits-2.0.4.tgz",
      "integrity": "sha512-k/vGaX4/Yla3WzyMCvTQOXYeIHvqOKtnqBduzTHpzpQZzAskKMhZ2K+EnBiSM9zGSoIFeMpXKxa4dYeZIQqewQ=="
    },
    "isarray": {
      "version": "0.0.1",
      "resolved": "https://registry.npmjs.org/isarray/-/isarray-0.0.1.tgz",
      "integrity": "sha1-ihis/Kmo9Bd+Cav8YDiTmwXR7t8="
    },
    "jshint": {
      "version": "2.13.4",
      "resolved": "https://registry.npmjs.org/jshint/-/jshint-2.13.4.tgz",
      "integrity": "sha512-HO3bosL84b2qWqI0q+kpT/OpRJwo0R4ivgmxaO848+bo10rc50SkPnrtwSFXttW0ym4np8jbJvLwk5NziB7jIw==",
      "requires": {
        "cli": "~1.0.0",
        "console-browserify": "1.1.x",
        "exit": "0.1.x",
        "htmlparser2": "3.8.x",
        "lodash": "~4.17.21",
        "minimatch": "~3.0.2",
        "strip-json-comments": "1.0.x"
      }
    },
    "lodash": {
      "version": "4.17.21",
      "resolved": "https://registry.npmjs.org/lodash/-/lodash-4.17.21.tgz",
      "integrity": "sha512-v2kDEe57lecTulaDIuNTPy3Ry4gLGJ6Z1O3vE1krgXZNrsQ+LFTGHVxVjcXPs17LhbZVGedAJv8XZ1tvj5FvSg=="
    },
    "minimatch": {
      "version": "3.0.5",
      "resolved": "https://registry.npmjs.org/minimatch/-/minimatch-3.0.5.tgz",
      "integrity": "sha512-tUpxzX0VAzJHjLu0xUfFv1gwVp9ba3IOuRAVH2EGuRW8a5emA2FlACLqiT/lDVtS1W+TGNwqz3sWaNyLgDJWuw==",
      "requires": {
        "brace-expansion": "^1.1.7"
      }
    },
    "once": {
      "version": "1.4.0",
      "resolved": "https://registry.npmjs.org/once/-/once-1.4.0.tgz",
      "integrity": "sha1-WDsap3WWHUsROsF9nFC6753Xa9E=",
      "requires": {
        "wrappy": "1"
      }
    },
    "optimist": {
      "version": "0.3.7",
      "resolved": "https://registry.npmjs.org/optimist/-/optimist-0.3.7.tgz",
      "integrity": "sha1-yQlBrVnkJzMokjB00s8ufLxuwNk=",
      "requires": {
        "wordwrap": "~0.0.2"
      }
    },
    "osmtogeojson": {
      "version": "1.4.0",
      "resolved": "https://registry.npmjs.org/osmtogeojson/-/osmtogeojson-1.4.0.tgz",
      "integrity": "sha1-7cFrFDswPAi4PH5JoFgZvaG6cis=",
      "requires": {
        "concat-stream": "~1.0.1",
        "htmlparser2": "~3.0.5",
        "lodash": "~2.2.0",
        "optimist": "~0.3.5",
        "xmldom": "~0.1.16"
      },
      "dependencies": {
        "domhandler": {
          "version": "2.0.3",
          "resolved": "https://registry.npmjs.org/domhandler/-/domhandler-2.0.3.tgz",
          "integrity": "sha1-iJ+N9iZAOvB4jinWbV1cb36/D9Y=",
          "requires": {
            "domelementtype": "1"
          }
        },
        "domutils": {
          "version": "1.1.6",
          "resolved": "https://registry.npmjs.org/domutils/-/domutils-1.1.6.tgz",
          "integrity": "sha1-vdw94Jm5ou+sxRxiPyj0FuzFdIU=",
          "requires": {
            "domelementtype": "1"
          }
        },
        "htmlparser2": {
          "version": "3.0.5",
          "resolved": "https://registry.npmjs.org/htmlparser2/-/htmlparser2-3.0.5.tgz",
          "integrity": "sha1-fzBgjLeAnzX/fG3YDinCR6p9r18=",
          "requires": {
            "domelementtype": "1",
            "domhandler": "2.0",
            "domutils": "1.1",
            "readable-stream": "1.0"
          }
        },
        "lodash": {
          "version": "2.2.1",
          "resolved": "https://registry.npmjs.org/lodash/-/lodash-2.2.1.tgz",
          "integrity": "sha1-ypNf0UqzwMhyq6zxmLnNpQFECGc="
        },
        "readable-stream": {
          "version": "1.0.34",
          "resolved": "https://registry.npmjs.org/readable-stream/-/readable-stream-1.0.34.tgz",
          "integrity": "sha1-Elgg40vIQtLyqq+v5MKRbuMsFXw=",
          "requires": {
            "core-util-is": "~1.0.0",
            "inherits": "~2.0.1",
            "isarray": "0.0.1",
            "string_decoder": "~0.10.x"
          }
        }
      }
    },
    "path-is-absolute": {
      "version": "1.0.1",
      "resolved": "https://registry.npmjs.org/path-is-absolute/-/path-is-absolute-1.0.1.tgz",
      "integrity": "sha1-F0uSaHNVNP+8es5r9TpanhtcX18="
    },
    "readable-stream": {
      "version": "1.1.14",
      "resolved": "https://registry.npmjs.org/readable-stream/-/readable-stream-1.1.14.tgz",
      "integrity": "sha1-fPTFTvZI44EwhMY23SB54WbAgdk=",
      "requires": {
        "core-util-is": "~1.0.0",
        "inherits": "~2.0.1",
        "isarray": "0.0.1",
        "string_decoder": "~0.10.x"
      }
    },
    "string_decoder": {
      "version": "0.10.31",
      "resolved": "https://registry.npmjs.org/string_decoder/-/string_decoder-0.10.31.tgz",
      "integrity": "sha1-YuIDvEF2bGwoyfyEMB2rHFMQ+pQ="
    },
    "strip-json-comments": {
      "version": "1.0.4",
      "resolved": "https://registry.npmjs.org/strip-json-comments/-/strip-json-comments-1.0.4.tgz",
      "integrity": "sha1-HhX7ysl9Pumb8tc7TGVrCCu6+5E="
    },
    "to-utf8": {
      "version": "0.0.1",
      "resolved": "https://registry.npmjs.org/to-utf8/-/to-utf8-0.0.1.tgz",
      "integrity": "sha1-0Xrqcv8vujm55DYBvns/9y4ImFI="
    },
    "wordwrap": {
      "version": "0.0.3",
      "resolved": "https://registry.npmjs.org/wordwrap/-/wordwrap-0.0.3.tgz",
      "integrity": "sha1-o9XabNXAvAAI03I0u68b7WMFkQc="
    },
    "wrappy": {
      "version": "1.0.2",
      "resolved": "https://registry.npmjs.org/wrappy/-/wrappy-1.0.2.tgz",
      "integrity": "sha1-tSQ9jz7BqjXxNkYFvA0QNuMKtp8="
    },
    "xmldom": {
      "version": "0.1.31",
      "resolved": "https://registry.npmjs.org/xmldom/-/xmldom-0.1.31.tgz",
      "integrity": "sha512-yS2uJflVQs6n+CyjHoaBmVSqIDevTAWrzMmjG1Gc7h1qQ7uVozNhEPJAwZXWyGQ/Gafo3fCwrcaokezLPupVyQ=="
    }
  }
}
